# This file is automatically @generated by Poetry and should not be changed by hand.

[[package]]
name = "certifi"
version = "2022.12.7"
description = "Python package for providing Mozilla's CA Bundle."
category = "main"
optional = false
python-versions = ">=3.6"
files = [
    {file = "certifi-2022.12.7-py3-none-any.whl", hash = "sha256:4ad3232f5e926d6718ec31cfc1fcadfde020920e278684144551c91769c7bc18"},
    {file = "certifi-2022.12.7.tar.gz", hash = "sha256:35824b4c3a97115964b408844d64aa14db1cc518f6562e8d7261699d1350a9e3"},
]

[[package]]
name = "pydcs"
version = "0.13.0"
description = "A Digital Combat Simulator mission builder framework"
category = "main"
optional = false
python-versions = "*"
files = []
develop = false

[package.source]
type = "git"
url = "https://github.com/pydcs/dcs.git"
reference = "e7ed9061187f7c2cb6719ae757bf91e9cfb85441"
resolved_reference = "e7ed9061187f7c2cb6719ae757bf91e9cfb85441"

[[package]]
name = "pyproj"
version = "3.4.1"
description = "Python interface to PROJ (cartographic projections and coordinate transformations library)"
category = "main"
optional = false
python-versions = ">=3.8"
files = [
    {file = "pyproj-3.4.1-cp310-cp310-macosx_10_9_x86_64.whl", hash = "sha256:e463c687007861a9949909211986850cfc2e72930deda0d06449ef2e315db534"},
    {file = "pyproj-3.4.1-cp310-cp310-macosx_11_0_arm64.whl", hash = "sha256:2f87f16b902c8b2af007295c63a435f043db9e40bd45e6f96962c7b8cd08fdb5"},
    {file = "pyproj-3.4.1-cp310-cp310-manylinux_2_17_aarch64.manylinux2014_aarch64.whl", hash = "sha256:c60d112d8f1621a606b7f2adb0b1582f80498e663413d2ba9f5df1c93d99f432"},
    {file = "pyproj-3.4.1-cp310-cp310-manylinux_2_17_i686.manylinux2014_i686.whl", hash = "sha256:f38dea459e22e86326b1c7d47718a3e10c7a27910cf5eb86ea2679b8084d0c4e"},
    {file = "pyproj-3.4.1-cp310-cp310-manylinux_2_17_x86_64.manylinux2014_x86_64.whl", hash = "sha256:5a53acbde511a7a9e1873c7f93c68f35b8c3653467b77195fe18e847555dcb7a"},
    {file = "pyproj-3.4.1-cp310-cp310-win32.whl", hash = "sha256:0c7b32382ae22a9bf5b690d24c7b4c0fb89ba313c3a91ef1a8c54b50baf10954"},
    {file = "pyproj-3.4.1-cp310-cp310-win_amd64.whl", hash = "sha256:6bdac3bc1899fcc4021be06d303b342923fb8311fe06f8d862c348a1a0e78b41"},
    {file = "pyproj-3.4.1-cp311-cp311-macosx_10_9_x86_64.whl", hash = "sha256:cd9f9c409f465834988ce0aa8c1ed496081c6957f2e5ef40ed28de04397d3c0b"},
    {file = "pyproj-3.4.1-cp311-cp311-macosx_11_0_arm64.whl", hash = "sha256:0406f64ff59eb3342efb102c9f31536430aa5cde5ef0bfabd5aaccb73dd8cd5a"},
    {file = "pyproj-3.4.1-cp311-cp311-manylinux_2_17_aarch64.manylinux2014_aarch64.whl", hash = "sha256:a98fe3e53be428e67ae6a9ee9affff92346622e0e3ea0cbc15dce939b318d395"},
    {file = "pyproj-3.4.1-cp311-cp311-manylinux_2_17_i686.manylinux2014_i686.whl", hash = "sha256:0189fdd7aa789542a7a623010dfff066c5849b24397f81f860ec3ee085cbf55c"},
    {file = "pyproj-3.4.1-cp311-cp311-manylinux_2_17_x86_64.manylinux2014_x86_64.whl", hash = "sha256:5f3f75b030cf811f040c90a8758a20115e8746063e4cad0d0e941a4954d1219b"},
    {file = "pyproj-3.4.1-cp311-cp311-win32.whl", hash = "sha256:ef8c30c62fe4e386e523e14e1e83bd460f745bd2c8dfd0d0c327f9460c4d3c0c"},
    {file = "pyproj-3.4.1-cp311-cp311-win_amd64.whl", hash = "sha256:2d1e7f42da205e0534831ae9aa9cee0353ab8c1aab2c369474adbb060294d98a"},
    {file = "pyproj-3.4.1-cp38-cp38-macosx_10_9_x86_64.whl", hash = "sha256:a5eada965e8ac24e783f2493d1d9bcd11c5c93959bd43558224dd31d9faebd1c"},
    {file = "pyproj-3.4.1-cp38-cp38-macosx_11_0_arm64.whl", hash = "sha256:19f5de1a7c3b81b676d846350d4bdf2ae6af13b9a450d1881706f088ecad0e2c"},
    {file = "pyproj-3.4.1-cp38-cp38-manylinux_2_17_aarch64.manylinux2014_aarch64.whl", hash = "sha256:57ec7d2b7f2773d877927abc72e2229ef8530c09181be0e28217742bae1bc4f5"},
    {file = "pyproj-3.4.1-cp38-cp38-manylinux_2_17_i686.manylinux2014_i686.whl", hash = "sha256:a30d78e619dae5cd1bb69addae2f1e5f8ee1b4a8ab4f3d954e9eaf41948db506"},
    {file = "pyproj-3.4.1-cp38-cp38-manylinux_2_17_x86_64.manylinux2014_x86_64.whl", hash = "sha256:a32e1d12340ad93232b7ea4dc1a4f4b21fa9fa9efa4b293adad45be7af6b51ec"},
    {file = "pyproj-3.4.1-cp38-cp38-win32.whl", hash = "sha256:ce50126dad7cd4749ab86fc4c8b54ec0898149ce6710ab5c93c76a54a4afa249"},
    {file = "pyproj-3.4.1-cp38-cp38-win_amd64.whl", hash = "sha256:129234afa179c8293b010ea4f73655ff7b20b5afdf7fac170f223bcf0ed6defd"},
    {file = "pyproj-3.4.1-cp39-cp39-macosx_10_9_x86_64.whl", hash = "sha256:231c038c6b65395c41ae3362320f03ce8054cb54dc63556e605695e5d461a27e"},
    {file = "pyproj-3.4.1-cp39-cp39-macosx_11_0_arm64.whl", hash = "sha256:e9d82df555cf19001bac40e1de0e40fb762dec785685b77edd6993286c01b7f7"},
    {file = "pyproj-3.4.1-cp39-cp39-manylinux_2_17_aarch64.manylinux2014_aarch64.whl", hash = "sha256:e8c0d1ac9ef5a4d2e6501a4b30136c55f1e1db049d1626cc313855c4f97d196d"},
    {file = "pyproj-3.4.1-cp39-cp39-manylinux_2_17_i686.manylinux2014_i686.whl", hash = "sha256:97065fe82e80f7e2740e7897a0e36e8defc0a3614927f0276b4f1d1ea1ef66fa"},
    {file = "pyproj-3.4.1-cp39-cp39-manylinux_2_17_x86_64.manylinux2014_x86_64.whl", hash = "sha256:2bd633f3b8ca6eb09135dfaf06f09e2869deb139985aab26d728e8a60c9938b9"},
    {file = "pyproj-3.4.1-cp39-cp39-win32.whl", hash = "sha256:da96319b137cfd66f0bae0e300cdc77dd17af4785b9360a9bdddb1d7176a0bbb"},
    {file = "pyproj-3.4.1-cp39-cp39-win_amd64.whl", hash = "sha256:7aef19d5a0a3b2d6b17f7dc9a87af722e71139cd1eea7eb82ed062a8a4b0e272"},
    {file = "pyproj-3.4.1-pp38-pypy38_pp73-macosx_10_9_x86_64.whl", hash = "sha256:8078c90cea07d53e3406c7c84cbf76a2ac0ffc580c365f13801575486b9d558c"},
    {file = "pyproj-3.4.1-pp38-pypy38_pp73-manylinux_2_17_i686.manylinux2014_i686.whl", hash = "sha256:321b82210dc5271558573d0874b9967c5a25872a28d0168049ddabe8bfecffce"},
    {file = "pyproj-3.4.1-pp38-pypy38_pp73-manylinux_2_17_x86_64.manylinux2014_x86_64.whl", hash = "sha256:25a5425cd2a0b16f5f944d49165196eebaa60b898a08c404a644c29e6a7a04b3"},
    {file = "pyproj-3.4.1-pp39-pypy39_pp73-macosx_10_9_x86_64.whl", hash = "sha256:3d70ca5933cddbe6f51396006fb9fc78bc2b1f9d28775922453c4b04625a7efb"},
    {file = "pyproj-3.4.1-pp39-pypy39_pp73-manylinux_2_17_i686.manylinux2014_i686.whl", hash = "sha256:c240fe6bcb5c325b50fc967d5458d708412633f4f05fefc7fb14c14254ebf421"},
    {file = "pyproj-3.4.1-pp39-pypy39_pp73-manylinux_2_17_x86_64.manylinux2014_x86_64.whl", hash = "sha256:ef76abfee1a0676ef973470abe11e22998750f2bd944afaf76d44ad70b538c06"},
    {file = "pyproj-3.4.1.tar.gz", hash = "sha256:261eb29b1d55b1eb7f336127344d9b31284d950a9446d1e0d1c2411f7dd8e3ac"},
]

[package.dependencies]
certifi = "*"

[metadata]
lock-version = "2.0"
python-versions = "^3.10"
content-hash = "329bbc089aa5edb9374687baa811a2d6650b763be75106126972a4c5230cf82d"
